
Microsoft Visual Studio Solution File, Format Version 12.00
# Visual Studio 15
VisualStudioVersion = 15.0.27130.2027
MinimumVisualStudioVersion = 10.0.40219.1
Project("{FAE04EC0-301F-11D3-BF4B-00C04F79EFBC}") = "CruzaP", "CruzaP\CruzaP.csproj", "{2864FB2B-BCC2-4B4D-8A20-05C9546D68EF}"
EndProject
Global
	GlobalSection(SolutionConfigurationPlatforms) = preSolution
		Debug|Any CPU = Debug|Any CPU
		Release|Any CPU = Release|Any CPU
	EndGlobalSection
	GlobalSection(ProjectConfigurationPlatforms) = postSolution
		{2864FB2B-BCC2-4B4D-8A20-05C9546D68EF}.Debug|Any CPU.ActiveCfg = Debug|Any CPU
		{2864FB2B-BCC2-4B4D-8A20-05C9546D68EF}.Debug|Any CPU.Build.0 = Debug|Any CPU
		{2864FB2B-BCC2-4B4D-8A20-05C9546D68EF}.Release|Any CPU.ActiveCfg = Release|Any CPU
		{2864FB2B-BCC2-4B4D-8A20-05C9546D68EF}.Release|Any CPU.Build.0 = Release|Any CPU
	EndGlobalSection
	GlobalSection(SolutionProperties) = preSolution
		HideSolutionNode = FALSE
	EndGlobalSection
	GlobalSection(ExtensibilityGlobals) = postSolution
		SolutionGuid = {DFCB6016-5BCF-4A31-87A0-B3C8EBC38358}
	EndGlobalSection
EndGlobal
